
Microsoft Visual Studio Solution File, Format Version 12.00
# Visual Studio Version 17
VisualStudioVersion = 17.8.34525.116
MinimumVisualStudioVersion = 10.0.40219.1
Project("{FAE04EC0-301F-11D3-BF4B-00C04F79EFBC}") = "seclogin", "seclogin\seclogin.csproj", "{6C930423-001C-46C6-A1E7-65D399C3C05E}"
EndProject
Project("{FAE04EC0-301F-11D3-BF4B-00C04F79EFBC}") = "API", "API\API.csproj", "{EA47C38E-36EE-4C91-AE8F-20F134B83219}"
EndProject
Project("{E53339B2-1760-4266-BCC7-CA923CBCF16C}") = "docker-compose", "docker-compose.dcproj", "{1985C692-EAFE-430F-93A2-66FFED3FBA89}"
EndProject
Global
	GlobalSection(SolutionConfigurationPlatforms) = preSolution
		Debug|Any CPU = Debug|Any CPU
		Release|Any CPU = Release|Any CPU
	EndGlobalSection
	GlobalSection(ProjectConfigurationPlatforms) = postSolution
		{6C930423-001C-46C6-A1E7-65D399C3C05E}.Debug|Any CPU.ActiveCfg = Debug|Any CPU
		{6C930423-001C-46C6-A1E7-65D399C3C05E}.Debug|Any CPU.Build.0 = Debug|Any CPU
		{6C930423-001C-46C6-A1E7-65D399C3C05E}.Release|Any CPU.ActiveCfg = Release|Any CPU
		{6C930423-001C-46C6-A1E7-65D399C3C05E}.Release|Any CPU.Build.0 = Release|Any CPU
		{EA47C38E-36EE-4C91-AE8F-20F134B83219}.Debug|Any CPU.ActiveCfg = Debug|Any CPU
		{EA47C38E-36EE-4C91-AE8F-20F134B83219}.Debug|Any CPU.Build.0 = Debug|Any CPU
		{EA47C38E-36EE-4C91-AE8F-20F134B83219}.Release|Any CPU.ActiveCfg = Release|Any CPU
		{EA47C38E-36EE-4C91-AE8F-20F134B83219}.Release|Any CPU.Build.0 = Release|Any CPU
		{1985C692-EAFE-430F-93A2-66FFED3FBA89}.Debug|Any CPU.ActiveCfg = Debug|Any CPU
		{1985C692-EAFE-430F-93A2-66FFED3FBA89}.Debug|Any CPU.Build.0 = Debug|Any CPU
		{1985C692-EAFE-430F-93A2-66FFED3FBA89}.Release|Any CPU.ActiveCfg = Release|Any CPU
		{1985C692-EAFE-430F-93A2-66FFED3FBA89}.Release|Any CPU.Build.0 = Release|Any CPU
	EndGlobalSection
	GlobalSection(SolutionProperties) = preSolution
		HideSolutionNode = FALSE
	EndGlobalSection
	GlobalSection(ExtensibilityGlobals) = postSolution
		SolutionGuid = {E87F965C-5828-46BA-B80D-CA100A2B8FA7}
	EndGlobalSection
EndGlobal
